
Microsoft Visual Studio Solution File, Format Version 12.00
# Visual Studio 15
VisualStudioVersion = 15.0.27004.2006
MinimumVisualStudioVersion = 10.0.40219.1
Project("{9A19103F-16F7-4668-BE54-9A1E7A4F7556}") = "WebServer", "WebServer\WebServer.csproj", "{72911109-BEDB-43A3-9747-05BE33389BD1}"
EndProject
Project("{FAE04EC0-301F-11D3-BF4B-00C04F79EFBC}") = "SimpleMvc.Framework", "SimpleMvc.Framework\SimpleMvc.Framework.csproj", "{794F6AFD-866B-4EE3-A9B8-07C6D0AE59ED}"
EndProject
Project("{FAE04EC0-301F-11D3-BF4B-00C04F79EFBC}") = "SimpleMvc.App", "SimpleMvc.App\SimpleMvc.App.csproj", "{1A2B5C3B-705E-46F6-8FE4-BC7429E13CDF}"
EndProject
Project("{FAE04EC0-301F-11D3-BF4B-00C04F79EFBC}") = "SimpleMvc.Models", "SimpleMvc.Models\SimpleMvc.Models.csproj", "{5E49FBC4-7B0F-4A1E-9B88-A8D045FBD16A}"
EndProject
Project("{FAE04EC0-301F-11D3-BF4B-00C04F79EFBC}") = "SimpleMvc.Data", "SimpleMvc.Data\SimpleMvc.Data.csproj", "{135193B6-8AFF-4C0B-B051-CB3354EE28B1}"
EndProject
Global
	GlobalSection(SolutionConfigurationPlatforms) = preSolution
		Debug|Any CPU = Debug|Any CPU
		Release|Any CPU = Release|Any CPU
	EndGlobalSection
	GlobalSection(ProjectConfigurationPlatforms) = postSolution
		{72911109-BEDB-43A3-9747-05BE33389BD1}.Debug|Any CPU.ActiveCfg = Debug|Any CPU
		{72911109-BEDB-43A3-9747-05BE33389BD1}.Debug|Any CPU.Build.0 = Debug|Any CPU
		{72911109-BEDB-43A3-9747-05BE33389BD1}.Release|Any CPU.ActiveCfg = Release|Any CPU
		{72911109-BEDB-43A3-9747-05BE33389BD1}.Release|Any CPU.Build.0 = Release|Any CPU
		{794F6AFD-866B-4EE3-A9B8-07C6D0AE59ED}.Debug|Any CPU.ActiveCfg = Debug|Any CPU
		{794F6AFD-866B-4EE3-A9B8-07C6D0AE59ED}.Debug|Any CPU.Build.0 = Debug|Any CPU
		{794F6AFD-866B-4EE3-A9B8-07C6D0AE59ED}.Release|Any CPU.ActiveCfg = Release|Any CPU
		{794F6AFD-866B-4EE3-A9B8-07C6D0AE59ED}.Release|Any CPU.Build.0 = Release|Any CPU
		{1A2B5C3B-705E-46F6-8FE4-BC7429E13CDF}.Debug|Any CPU.ActiveCfg = Debug|Any CPU
		{1A2B5C3B-705E-46F6-8FE4-BC7429E13CDF}.Debug|Any CPU.Build.0 = Debug|Any CPU
		{1A2B5C3B-705E-46F6-8FE4-BC7429E13CDF}.Release|Any CPU.ActiveCfg = Release|Any CPU
		{1A2B5C3B-705E-46F6-8FE4-BC7429E13CDF}.Release|Any CPU.Build.0 = Release|Any CPU
		{5E49FBC4-7B0F-4A1E-9B88-A8D045FBD16A}.Debug|Any CPU.ActiveCfg = Debug|Any CPU
		{5E49FBC4-7B0F-4A1E-9B88-A8D045FBD16A}.Debug|Any CPU.Build.0 = Debug|Any CPU
		{5E49FBC4-7B0F-4A1E-9B88-A8D045FBD16A}.Release|Any CPU.ActiveCfg = Release|Any CPU
		{5E49FBC4-7B0F-4A1E-9B88-A8D045FBD16A}.Release|Any CPU.Build.0 = Release|Any CPU
		{135193B6-8AFF-4C0B-B051-CB3354EE28B1}.Debug|Any CPU.ActiveCfg = Debug|Any CPU
		{135193B6-8AFF-4C0B-B051-CB3354EE28B1}.Debug|Any CPU.Build.0 = Debug|Any CPU
		{135193B6-8AFF-4C0B-B051-CB3354EE28B1}.Release|Any CPU.ActiveCfg = Release|Any CPU
		{135193B6-8AFF-4C0B-B051-CB3354EE28B1}.Release|Any CPU.Build.0 = Release|Any CPU
	EndGlobalSection
	GlobalSection(SolutionProperties) = preSolution
		HideSolutionNode = FALSE
	EndGlobalSection
	GlobalSection(ExtensibilityGlobals) = postSolution
		SolutionGuid = {3ABA898C-743A-4BCB-94FE-871C34896B4B}
	EndGlobalSection
EndGlobal
