
Microsoft Visual Studio Solution File, Format Version 12.00
# Visual Studio 15
VisualStudioVersion = 15.0.27703.2035
MinimumVisualStudioVersion = 10.0.40219.1
Project("{FAE04EC0-301F-11D3-BF4B-00C04F79EFBC}") = "BookLibrary.Web", "BookLibrary.Web\BookLibrary.Web.csproj", "{F4CFE8DD-D74B-40A1-A200-2705477BB41E}"
EndProject
Project("{FAE04EC0-301F-11D3-BF4B-00C04F79EFBC}") = "BookLibrary.Data", "BookLibrary.Data\BookLibrary.Data.csproj", "{388C19D2-3E7D-4FD5-AC4A-A8B81029A820}"
EndProject
Project("{FAE04EC0-301F-11D3-BF4B-00C04F79EFBC}") = "BookLibrary.Models", "BookLibrary.Models\BookLibrary.Models.csproj", "{DA19BDE3-FB7E-4A64-8918-F53C40785769}"
EndProject
Global
	GlobalSection(SolutionConfigurationPlatforms) = preSolution
		Debug|Any CPU = Debug|Any CPU
		Release|Any CPU = Release|Any CPU
	EndGlobalSection
	GlobalSection(ProjectConfigurationPlatforms) = postSolution
		{F4CFE8DD-D74B-40A1-A200-2705477BB41E}.Debug|Any CPU.ActiveCfg = Debug|Any CPU
		{F4CFE8DD-D74B-40A1-A200-2705477BB41E}.Debug|Any CPU.Build.0 = Debug|Any CPU
		{F4CFE8DD-D74B-40A1-A200-2705477BB41E}.Release|Any CPU.ActiveCfg = Release|Any CPU
		{F4CFE8DD-D74B-40A1-A200-2705477BB41E}.Release|Any CPU.Build.0 = Release|Any CPU
		{388C19D2-3E7D-4FD5-AC4A-A8B81029A820}.Debug|Any CPU.ActiveCfg = Debug|Any CPU
		{388C19D2-3E7D-4FD5-AC4A-A8B81029A820}.Debug|Any CPU.Build.0 = Debug|Any CPU
		{388C19D2-3E7D-4FD5-AC4A-A8B81029A820}.Release|Any CPU.ActiveCfg = Release|Any CPU
		{388C19D2-3E7D-4FD5-AC4A-A8B81029A820}.Release|Any CPU.Build.0 = Release|Any CPU
		{DA19BDE3-FB7E-4A64-8918-F53C40785769}.Debug|Any CPU.ActiveCfg = Debug|Any CPU
		{DA19BDE3-FB7E-4A64-8918-F53C40785769}.Debug|Any CPU.Build.0 = Debug|Any CPU
		{DA19BDE3-FB7E-4A64-8918-F53C40785769}.Release|Any CPU.ActiveCfg = Release|Any CPU
		{DA19BDE3-FB7E-4A64-8918-F53C40785769}.Release|Any CPU.Build.0 = Release|Any CPU
	EndGlobalSection
	GlobalSection(SolutionProperties) = preSolution
		HideSolutionNode = FALSE
	EndGlobalSection
	GlobalSection(ExtensibilityGlobals) = postSolution
		SolutionGuid = {E77BF579-3BE2-444E-A066-E63033619F3D}
	EndGlobalSection
EndGlobal
